
Microsoft Visual Studio Solution File, Format Version 12.00
# Visual Studio Version 17
VisualStudioVersion = 17.0.31919.166
MinimumVisualStudioVersion = 10.0.40219.1
Project("{9A19103F-16F7-4668-BE54-9A1E7A4F7556}") = "BranchesAndLoops", "BranchesAndLoops.csproj", "{BAA41265-9152-466B-8C35-898CCBB9D181}"
EndProject
Global
	GlobalSection(SolutionConfigurationPlatforms) = preSolution
		Debug|Any CPU = Debug|Any CPU
		Release|Any CPU = Release|Any CPU
	EndGlobalSection
	GlobalSection(ProjectConfigurationPlatforms) = postSolution
		{BAA41265-9152-466B-8C35-898CCBB9D181}.Debug|Any CPU.ActiveCfg = Debug|Any CPU
		{BAA41265-9152-466B-8C35-898CCBB9D181}.Debug|Any CPU.Build.0 = Debug|Any CPU
		{BAA41265-9152-466B-8C35-898CCBB9D181}.Release|Any CPU.ActiveCfg = Release|Any CPU
		{BAA41265-9152-466B-8C35-898CCBB9D181}.Release|Any CPU.Build.0 = Release|Any CPU
	EndGlobalSection
	GlobalSection(SolutionProperties) = preSolution
		HideSolutionNode = FALSE
	EndGlobalSection
	GlobalSection(ExtensibilityGlobals) = postSolution
		SolutionGuid = {A72E8B8F-EF34-4220-B2FC-4C03B8211B2C}
	EndGlobalSection
EndGlobal
